
Microsoft Visual Studio Solution File, Format Version 12.00
# Visual Studio Version 17
VisualStudioVersion = 17.2.32802.462
MinimumVisualStudioVersion = 10.0.40219.1
Project("{FAE04EC0-301F-11D3-BF4B-00C04F79EFBC}") = "zh-c021ht", "zh-c021ht\zh-c021ht.csproj", "{750292DD-45A4-47C8-A054-013F2A0E928E}"
EndProject
Global
	GlobalSection(SolutionConfigurationPlatforms) = preSolution
		Debug|Any CPU = Debug|Any CPU
		Release|Any CPU = Release|Any CPU
	EndGlobalSection
	GlobalSection(ProjectConfigurationPlatforms) = postSolution
		{750292DD-45A4-47C8-A054-013F2A0E928E}.Debug|Any CPU.ActiveCfg = Debug|Any CPU
		{750292DD-45A4-47C8-A054-013F2A0E928E}.Debug|Any CPU.Build.0 = Debug|Any CPU
		{750292DD-45A4-47C8-A054-013F2A0E928E}.Release|Any CPU.ActiveCfg = Release|Any CPU
		{750292DD-45A4-47C8-A054-013F2A0E928E}.Release|Any CPU.Build.0 = Release|Any CPU
	EndGlobalSection
	GlobalSection(SolutionProperties) = preSolution
		HideSolutionNode = FALSE
	EndGlobalSection
	GlobalSection(ExtensibilityGlobals) = postSolution
		SolutionGuid = {45FB4717-9CCF-44A3-B1A3-0BAFB3B25A98}
	EndGlobalSection
EndGlobal
